
Microsoft Visual Studio Solution File, Format Version 12.00
# Visual Studio 15
VisualStudioVersion = 15.0.26730.15
MinimumVisualStudioVersion = 10.0.40219.1
Project("{FAE04EC0-301F-11D3-BF4B-00C04F79EFBC}") = "Continuity", "Continuity\Continuity.csproj", "{5E49EC20-DB7E-4846-BC93-118731B5BC1C}"
EndProject
Project("{FAE04EC0-301F-11D3-BF4B-00C04F79EFBC}") = "Sample.Main", "Sample.Main\Sample.Main.csproj", "{8EC8FEE9-E40A-46A0-B546-E6D475B86DF3}"
EndProject
Project("{FAE04EC0-301F-11D3-BF4B-00C04F79EFBC}") = "Sample.Clock", "Sample.Clock\Sample.Clock.csproj", "{33FFA0B1-A03E-44CF-AE43-3961230BA3DE}"
EndProject
Project("{FAE04EC0-301F-11D3-BF4B-00C04F79EFBC}") = "Sample.FUI", "Sample.FUI\Sample.FUI.csproj", "{196A3311-9D3E-47A3-9297-F7D948D0C685}"
EndProject
Project("{FAE04EC0-301F-11D3-BF4B-00C04F79EFBC}") = "Sample.KlivaDesign", "Sample.KlivaDesign\Sample.KlivaDesign.csproj", "{D79ED8ED-D1E0-4A46-9021-32351F172CBB}"
EndProject
Project("{FAE04EC0-301F-11D3-BF4B-00C04F79EFBC}") = "Sample.Lottie", "Sample.Lottie\Sample.Lottie.csproj", "{B2925C80-4E31-427F-88BE-3301D7721310}"
EndProject
Global
	GlobalSection(SolutionConfigurationPlatforms) = preSolution
		Debug|Any CPU = Debug|Any CPU
		Debug|ARM = Debug|ARM
		Debug|ARM64 = Debug|ARM64
		Debug|x64 = Debug|x64
		Debug|x86 = Debug|x86
		Release|Any CPU = Release|Any CPU
		Release|ARM = Release|ARM
		Release|ARM64 = Release|ARM64
		Release|x64 = Release|x64
		Release|x86 = Release|x86
	EndGlobalSection
	GlobalSection(ProjectConfigurationPlatforms) = postSolution
		{5E49EC20-DB7E-4846-BC93-118731B5BC1C}.Debug|Any CPU.ActiveCfg = Debug|Any CPU
		{5E49EC20-DB7E-4846-BC93-118731B5BC1C}.Debug|Any CPU.Build.0 = Debug|Any CPU
		{5E49EC20-DB7E-4846-BC93-118731B5BC1C}.Debug|ARM.ActiveCfg = Debug|ARM
		{5E49EC20-DB7E-4846-BC93-118731B5BC1C}.Debug|ARM.Build.0 = Debug|ARM
		{5E49EC20-DB7E-4846-BC93-118731B5BC1C}.Debug|ARM64.ActiveCfg = Debug|Any CPU
		{5E49EC20-DB7E-4846-BC93-118731B5BC1C}.Debug|ARM64.Build.0 = Debug|Any CPU
		{5E49EC20-DB7E-4846-BC93-118731B5BC1C}.Debug|x64.ActiveCfg = Debug|x64
		{5E49EC20-DB7E-4846-BC93-118731B5BC1C}.Debug|x64.Build.0 = Debug|x64
		{5E49EC20-DB7E-4846-BC93-118731B5BC1C}.Debug|x86.ActiveCfg = Debug|x86
		{5E49EC20-DB7E-4846-BC93-118731B5BC1C}.Debug|x86.Build.0 = Debug|x86
		{5E49EC20-DB7E-4846-BC93-118731B5BC1C}.Release|Any CPU.ActiveCfg = Release|Any CPU
		{5E49EC20-DB7E-4846-BC93-118731B5BC1C}.Release|Any CPU.Build.0 = Release|Any CPU
		{5E49EC20-DB7E-4846-BC93-118731B5BC1C}.Release|ARM.ActiveCfg = Release|ARM
		{5E49EC20-DB7E-4846-BC93-118731B5BC1C}.Release|ARM.Build.0 = Release|ARM
		{5E49EC20-DB7E-4846-BC93-118731B5BC1C}.Release|ARM64.ActiveCfg = Release|Any CPU
		{5E49EC20-DB7E-4846-BC93-118731B5BC1C}.Release|ARM64.Build.0 = Release|Any CPU
		{5E49EC20-DB7E-4846-BC93-118731B5BC1C}.Release|x64.ActiveCfg = Release|x64
		{5E49EC20-DB7E-4846-BC93-118731B5BC1C}.Release|x64.Build.0 = Release|x64
		{5E49EC20-DB7E-4846-BC93-118731B5BC1C}.Release|x86.ActiveCfg = Release|x86
		{5E49EC20-DB7E-4846-BC93-118731B5BC1C}.Release|x86.Build.0 = Release|x86
		{8EC8FEE9-E40A-46A0-B546-E6D475B86DF3}.Debug|Any CPU.ActiveCfg = Debug|x86
		{8EC8FEE9-E40A-46A0-B546-E6D475B86DF3}.Debug|ARM.ActiveCfg = Debug|ARM
		{8EC8FEE9-E40A-46A0-B546-E6D475B86DF3}.Debug|ARM.Build.0 = Debug|ARM
		{8EC8FEE9-E40A-46A0-B546-E6D475B86DF3}.Debug|ARM.Deploy.0 = Debug|ARM
		{8EC8FEE9-E40A-46A0-B546-E6D475B86DF3}.Debug|ARM64.ActiveCfg = Debug|x86
		{8EC8FEE9-E40A-46A0-B546-E6D475B86DF3}.Debug|x64.ActiveCfg = Debug|x64
		{8EC8FEE9-E40A-46A0-B546-E6D475B86DF3}.Debug|x64.Build.0 = Debug|x64
		{8EC8FEE9-E40A-46A0-B546-E6D475B86DF3}.Debug|x64.Deploy.0 = Debug|x64
		{8EC8FEE9-E40A-46A0-B546-E6D475B86DF3}.Debug|x86.ActiveCfg = Debug|x86
		{8EC8FEE9-E40A-46A0-B546-E6D475B86DF3}.Debug|x86.Build.0 = Debug|x86
		{8EC8FEE9-E40A-46A0-B546-E6D475B86DF3}.Debug|x86.Deploy.0 = Debug|x86
		{8EC8FEE9-E40A-46A0-B546-E6D475B86DF3}.Release|Any CPU.ActiveCfg = Release|x86
		{8EC8FEE9-E40A-46A0-B546-E6D475B86DF3}.Release|ARM.ActiveCfg = Release|ARM
		{8EC8FEE9-E40A-46A0-B546-E6D475B86DF3}.Release|ARM.Build.0 = Release|ARM
		{8EC8FEE9-E40A-46A0-B546-E6D475B86DF3}.Release|ARM.Deploy.0 = Release|ARM
		{8EC8FEE9-E40A-46A0-B546-E6D475B86DF3}.Release|ARM64.ActiveCfg = Release|x86
		{8EC8FEE9-E40A-46A0-B546-E6D475B86DF3}.Release|x64.ActiveCfg = Release|x64
		{8EC8FEE9-E40A-46A0-B546-E6D475B86DF3}.Release|x64.Build.0 = Release|x64
		{8EC8FEE9-E40A-46A0-B546-E6D475B86DF3}.Release|x64.Deploy.0 = Release|x64
		{8EC8FEE9-E40A-46A0-B546-E6D475B86DF3}.Release|x86.ActiveCfg = Release|x86
		{8EC8FEE9-E40A-46A0-B546-E6D475B86DF3}.Release|x86.Build.0 = Release|x86
		{8EC8FEE9-E40A-46A0-B546-E6D475B86DF3}.Release|x86.Deploy.0 = Release|x86
		{33FFA0B1-A03E-44CF-AE43-3961230BA3DE}.Debug|Any CPU.ActiveCfg = Debug|x86
		{33FFA0B1-A03E-44CF-AE43-3961230BA3DE}.Debug|ARM.ActiveCfg = Debug|ARM
		{33FFA0B1-A03E-44CF-AE43-3961230BA3DE}.Debug|ARM.Build.0 = Debug|ARM
		{33FFA0B1-A03E-44CF-AE43-3961230BA3DE}.Debug|ARM.Deploy.0 = Debug|ARM
		{33FFA0B1-A03E-44CF-AE43-3961230BA3DE}.Debug|ARM64.ActiveCfg = Debug|x86
		{33FFA0B1-A03E-44CF-AE43-3961230BA3DE}.Debug|x64.ActiveCfg = Debug|x64
		{33FFA0B1-A03E-44CF-AE43-3961230BA3DE}.Debug|x64.Build.0 = Debug|x64
		{33FFA0B1-A03E-44CF-AE43-3961230BA3DE}.Debug|x64.Deploy.0 = Debug|x64
		{33FFA0B1-A03E-44CF-AE43-3961230BA3DE}.Debug|x86.ActiveCfg = Debug|x86
		{33FFA0B1-A03E-44CF-AE43-3961230BA3DE}.Debug|x86.Build.0 = Debug|x86
		{33FFA0B1-A03E-44CF-AE43-3961230BA3DE}.Debug|x86.Deploy.0 = Debug|x86
		{33FFA0B1-A03E-44CF-AE43-3961230BA3DE}.Release|Any CPU.ActiveCfg = Release|x86
		{33FFA0B1-A03E-44CF-AE43-3961230BA3DE}.Release|ARM.ActiveCfg = Release|ARM
		{33FFA0B1-A03E-44CF-AE43-3961230BA3DE}.Release|ARM.Build.0 = Release|ARM
		{33FFA0B1-A03E-44CF-AE43-3961230BA3DE}.Release|ARM.Deploy.0 = Release|ARM
		{33FFA0B1-A03E-44CF-AE43-3961230BA3DE}.Release|ARM64.ActiveCfg = Release|x86
		{33FFA0B1-A03E-44CF-AE43-3961230BA3DE}.Release|x64.ActiveCfg = Release|x64
		{33FFA0B1-A03E-44CF-AE43-3961230BA3DE}.Release|x64.Build.0 = Release|x64
		{33FFA0B1-A03E-44CF-AE43-3961230BA3DE}.Release|x64.Deploy.0 = Release|x64
		{33FFA0B1-A03E-44CF-AE43-3961230BA3DE}.Release|x86.ActiveCfg = Release|x86
		{33FFA0B1-A03E-44CF-AE43-3961230BA3DE}.Release|x86.Build.0 = Release|x86
		{33FFA0B1-A03E-44CF-AE43-3961230BA3DE}.Release|x86.Deploy.0 = Release|x86
		{196A3311-9D3E-47A3-9297-F7D948D0C685}.Debug|Any CPU.ActiveCfg = Debug|x86
		{196A3311-9D3E-47A3-9297-F7D948D0C685}.Debug|ARM.ActiveCfg = Debug|ARM
		{196A3311-9D3E-47A3-9297-F7D948D0C685}.Debug|ARM.Build.0 = Debug|ARM
		{196A3311-9D3E-47A3-9297-F7D948D0C685}.Debug|ARM.Deploy.0 = Debug|ARM
		{196A3311-9D3E-47A3-9297-F7D948D0C685}.Debug|ARM64.ActiveCfg = Debug|x86
		{196A3311-9D3E-47A3-9297-F7D948D0C685}.Debug|x64.ActiveCfg = Debug|x64
		{196A3311-9D3E-47A3-9297-F7D948D0C685}.Debug|x64.Build.0 = Debug|x64
		{196A3311-9D3E-47A3-9297-F7D948D0C685}.Debug|x64.Deploy.0 = Debug|x64
		{196A3311-9D3E-47A3-9297-F7D948D0C685}.Debug|x86.ActiveCfg = Debug|x86
		{196A3311-9D3E-47A3-9297-F7D948D0C685}.Debug|x86.Build.0 = Debug|x86
		{196A3311-9D3E-47A3-9297-F7D948D0C685}.Debug|x86.Deploy.0 = Debug|x86
		{196A3311-9D3E-47A3-9297-F7D948D0C685}.Release|Any CPU.ActiveCfg = Release|x86
		{196A3311-9D3E-47A3-9297-F7D948D0C685}.Release|ARM.ActiveCfg = Release|ARM
		{196A3311-9D3E-47A3-9297-F7D948D0C685}.Release|ARM.Build.0 = Release|ARM
		{196A3311-9D3E-47A3-9297-F7D948D0C685}.Release|ARM.Deploy.0 = Release|ARM
		{196A3311-9D3E-47A3-9297-F7D948D0C685}.Release|ARM64.ActiveCfg = Release|x86
		{196A3311-9D3E-47A3-9297-F7D948D0C685}.Release|x64.ActiveCfg = Release|x64
		{196A3311-9D3E-47A3-9297-F7D948D0C685}.Release|x64.Build.0 = Release|x64
		{196A3311-9D3E-47A3-9297-F7D948D0C685}.Release|x64.Deploy.0 = Release|x64
		{196A3311-9D3E-47A3-9297-F7D948D0C685}.Release|x86.ActiveCfg = Release|x86
		{196A3311-9D3E-47A3-9297-F7D948D0C685}.Release|x86.Build.0 = Release|x86
		{196A3311-9D3E-47A3-9297-F7D948D0C685}.Release|x86.Deploy.0 = Release|x86
		{D79ED8ED-D1E0-4A46-9021-32351F172CBB}.Debug|Any CPU.ActiveCfg = Debug|x86
		{D79ED8ED-D1E0-4A46-9021-32351F172CBB}.Debug|ARM.ActiveCfg = Debug|ARM
		{D79ED8ED-D1E0-4A46-9021-32351F172CBB}.Debug|ARM.Build.0 = Debug|ARM
		{D79ED8ED-D1E0-4A46-9021-32351F172CBB}.Debug|ARM.Deploy.0 = Debug|ARM
		{D79ED8ED-D1E0-4A46-9021-32351F172CBB}.Debug|ARM64.ActiveCfg = Debug|x86
		{D79ED8ED-D1E0-4A46-9021-32351F172CBB}.Debug|x64.ActiveCfg = Debug|x64
		{D79ED8ED-D1E0-4A46-9021-32351F172CBB}.Debug|x64.Build.0 = Debug|x64
		{D79ED8ED-D1E0-4A46-9021-32351F172CBB}.Debug|x64.Deploy.0 = Debug|x64
		{D79ED8ED-D1E0-4A46-9021-32351F172CBB}.Debug|x86.ActiveCfg = Debug|x86
		{D79ED8ED-D1E0-4A46-9021-32351F172CBB}.Debug|x86.Build.0 = Debug|x86
		{D79ED8ED-D1E0-4A46-9021-32351F172CBB}.Debug|x86.Deploy.0 = Debug|x86
		{D79ED8ED-D1E0-4A46-9021-32351F172CBB}.Release|Any CPU.ActiveCfg = Release|x86
		{D79ED8ED-D1E0-4A46-9021-32351F172CBB}.Release|ARM.ActiveCfg = Release|ARM
		{D79ED8ED-D1E0-4A46-9021-32351F172CBB}.Release|ARM.Build.0 = Release|ARM
		{D79ED8ED-D1E0-4A46-9021-32351F172CBB}.Release|ARM.Deploy.0 = Release|ARM
		{D79ED8ED-D1E0-4A46-9021-32351F172CBB}.Release|ARM64.ActiveCfg = Release|x86
		{D79ED8ED-D1E0-4A46-9021-32351F172CBB}.Release|x64.ActiveCfg = Release|x64
		{D79ED8ED-D1E0-4A46-9021-32351F172CBB}.Release|x64.Build.0 = Release|x64
		{D79ED8ED-D1E0-4A46-9021-32351F172CBB}.Release|x64.Deploy.0 = Release|x64
		{D79ED8ED-D1E0-4A46-9021-32351F172CBB}.Release|x86.ActiveCfg = Release|x86
		{D79ED8ED-D1E0-4A46-9021-32351F172CBB}.Release|x86.Build.0 = Release|x86
		{D79ED8ED-D1E0-4A46-9021-32351F172CBB}.Release|x86.Deploy.0 = Release|x86
		{B2925C80-4E31-427F-88BE-3301D7721310}.Debug|Any CPU.ActiveCfg = Debug|x86
		{B2925C80-4E31-427F-88BE-3301D7721310}.Debug|ARM.ActiveCfg = Debug|ARM
		{B2925C80-4E31-427F-88BE-3301D7721310}.Debug|ARM.Build.0 = Debug|ARM
		{B2925C80-4E31-427F-88BE-3301D7721310}.Debug|ARM.Deploy.0 = Debug|ARM
		{B2925C80-4E31-427F-88BE-3301D7721310}.Debug|ARM64.ActiveCfg = Debug|ARM64
		{B2925C80-4E31-427F-88BE-3301D7721310}.Debug|ARM64.Build.0 = Debug|ARM64
		{B2925C80-4E31-427F-88BE-3301D7721310}.Debug|ARM64.Deploy.0 = Debug|ARM64
		{B2925C80-4E31-427F-88BE-3301D7721310}.Debug|x64.ActiveCfg = Debug|x64
		{B2925C80-4E31-427F-88BE-3301D7721310}.Debug|x64.Build.0 = Debug|x64
		{B2925C80-4E31-427F-88BE-3301D7721310}.Debug|x64.Deploy.0 = Debug|x64
		{B2925C80-4E31-427F-88BE-3301D7721310}.Debug|x86.ActiveCfg = Debug|x86
		{B2925C80-4E31-427F-88BE-3301D7721310}.Debug|x86.Build.0 = Debug|x86
		{B2925C80-4E31-427F-88BE-3301D7721310}.Debug|x86.Deploy.0 = Debug|x86
		{B2925C80-4E31-427F-88BE-3301D7721310}.Release|Any CPU.ActiveCfg = Release|x86
		{B2925C80-4E31-427F-88BE-3301D7721310}.Release|ARM.ActiveCfg = Release|ARM
		{B2925C80-4E31-427F-88BE-3301D7721310}.Release|ARM.Build.0 = Release|ARM
		{B2925C80-4E31-427F-88BE-3301D7721310}.Release|ARM.Deploy.0 = Release|ARM
		{B2925C80-4E31-427F-88BE-3301D7721310}.Release|ARM64.ActiveCfg = Release|ARM64
		{B2925C80-4E31-427F-88BE-3301D7721310}.Release|ARM64.Build.0 = Release|ARM64
		{B2925C80-4E31-427F-88BE-3301D7721310}.Release|ARM64.Deploy.0 = Release|ARM64
		{B2925C80-4E31-427F-88BE-3301D7721310}.Release|x64.ActiveCfg = Release|x64
		{B2925C80-4E31-427F-88BE-3301D7721310}.Release|x64.Build.0 = Release|x64
		{B2925C80-4E31-427F-88BE-3301D7721310}.Release|x64.Deploy.0 = Release|x64
		{B2925C80-4E31-427F-88BE-3301D7721310}.Release|x86.ActiveCfg = Release|x86
		{B2925C80-4E31-427F-88BE-3301D7721310}.Release|x86.Build.0 = Release|x86
		{B2925C80-4E31-427F-88BE-3301D7721310}.Release|x86.Deploy.0 = Release|x86
	EndGlobalSection
	GlobalSection(SolutionProperties) = preSolution
		HideSolutionNode = FALSE
	EndGlobalSection
	GlobalSection(ExtensibilityGlobals) = postSolution
		SolutionGuid = {DFC8792F-3290-43BC-B68B-BF66940635D3}
	EndGlobalSection
EndGlobal
